// !$*UTF8*$!
{
	archiveVersion = 1;
	classes = {
	};
	objectVersion = 56;
	objects = {

/* Begin PBXBuildFile section */
		3F017944290B0F9600B2C6A0 /* RecordsViewController.swift in Sources */ = {isa = PBXBuildFile; fileRef = 3F017943290B0F9600B2C6A0 /* RecordsViewController.swift */; };
		3F017946290B0FB000B2C6A0 /* SettingsViewController.swift in Sources */ = {isa = PBXBuildFile; fileRef = 3F017945290B0FB000B2C6A0 /* SettingsViewController.swift */; };
		3F027055290559CB006A03D0 /* Comfortaa.ttf in Resources */ = {isa = PBXBuildFile; fileRef = 3F02705329055986006A03D0 /* Comfortaa.ttf */; };
		3F05585728F9C3970028DC7D /* GameEndless.swift in Sources */ = {isa = PBXBuildFile; fileRef = 3F05585628F9C3970028DC7D /* GameEndless.swift */; };
		3F087A6E291EAB91001A98D9 /* Data.swift in Sources */ = {isa = PBXBuildFile; fileRef = 3F087A6D291EAB91001A98D9 /* Data.swift */; };
		3F3956E5290B2CB500C49784 /* StorageManager.swift in Sources */ = {isa = PBXBuildFile; fileRef = 3F3956E4290B2CB500C49784 /* StorageManager.swift */; };
		3F3ADCB728F605000082D95F /* AppDelegate.swift in Sources */ = {isa = PBXBuildFile; fileRef = 3F3ADCB628F605000082D95F /* AppDelegate.swift */; };
		3F3ADCB928F605000082D95F /* SceneDelegate.swift in Sources */ = {isa = PBXBuildFile; fileRef = 3F3ADCB828F605000082D95F /* SceneDelegate.swift */; };
		3F3ADCBB28F605000082D95F /* Menu.swift in Sources */ = {isa = PBXBuildFile; fileRef = 3F3ADCBA28F605000082D95F /* Menu.swift */; };
		3F3ADCBE28F605000082D95F /* Main.storyboard in Resources */ = {isa = PBXBuildFile; fileRef = 3F3ADCBC28F605000082D95F /* Main.storyboard */; };
		3F3ADCC028F605000082D95F /* Assets.xcassets in Resources */ = {isa = PBXBuildFile; fileRef = 3F3ADCBF28F605000082D95F /* Assets.xcassets */; };
		3F3ADCC328F605000082D95F /* LaunchScreen.storyboard in Resources */ = {isa = PBXBuildFile; fileRef = 3F3ADCC128F605000082D95F /* LaunchScreen.storyboard */; };
		3F3ADCCB28F6050E0082D95F /* GameLevel.swift in Sources */ = {isa = PBXBuildFile; fileRef = 3F3ADCCA28F6050E0082D95F /* GameLevel.swift */; };
		3F41AA8329238667006BCC3E /* GameDelegate.swift in Sources */ = {isa = PBXBuildFile; fileRef = 3F41AA8229238667006BCC3E /* GameDelegate.swift */; };
		3F4E98D628F6E30F00FB734F /* Location.swift in Sources */ = {isa = PBXBuildFile; fileRef = 3F4E98D528F6E30F00FB734F /* Location.swift */; };
		3F4FCB2628FC7BE900230B51 /* SnapKit in Frameworks */ = {isa = PBXBuildFile; productRef = 3F4FCB2528FC7BE900230B51 /* SnapKit */; };
		3F571E002900764D008697C2 /* serebro.mp3 in Resources */ = {isa = PBXBuildFile; fileRef = 3F571DFF2900764D008697C2 /* serebro.mp3 */; };
		3F571E0229007672008697C2 /* phonk.mp3 in Resources */ = {isa = PBXBuildFile; fileRef = 3F571E0129007672008697C2 /* phonk.mp3 */; };
		3F571E0429007F45008697C2 /* lmfao.mp3 in Resources */ = {isa = PBXBuildFile; fileRef = 3F571E0329007F45008697C2 /* lmfao.mp3 */; };
		3F653BE82903E6E1000E4A26 /* Miratrix.otf in Resources */ = {isa = PBXBuildFile; fileRef = 3F653BE52903E5F9000E4A26 /* Miratrix.otf */; };
		3F6DBC7D28FE8464000286CB /* BlurView.swift in Sources */ = {isa = PBXBuildFile; fileRef = 3F6DBC7C28FE8464000286CB /* BlurView.swift */; };
		3F6DBC7F28FE8756000286CB /* ShadowView.swift in Sources */ = {isa = PBXBuildFile; fileRef = 3F6DBC7E28FE8756000286CB /* ShadowView.swift */; };
		3F6DBC8128FE8765000286CB /* GradientView.swift in Sources */ = {isa = PBXBuildFile; fileRef = 3F6DBC8028FE8765000286CB /* GradientView.swift */; };
		3FBD5C0928FC518C0016D95D /* ShopViewController.swift in Sources */ = {isa = PBXBuildFile; fileRef = 3FBD5C0828FC518C0016D95D /* ShopViewController.swift */; };
		3FC8197A290D353700B7F810 /* Player.swift in Sources */ = {isa = PBXBuildFile; fileRef = 3FC81979290D353700B7F810 /* Player.swift */; };
		3FD09AF729094E2200A2264F /* UIViewController+Alert.swift in Sources */ = {isa = PBXBuildFile; fileRef = 3FD09AF629094E2200A2264F /* UIViewController+Alert.swift */; };
		3FFAB82828FDD03700E08645 /* CustomViews.swift in Sources */ = {isa = PBXBuildFile; fileRef = 3FFAB82728FDD03700E08645 /* CustomViews.swift */; };
/* End PBXBuildFile section */

/* Begin PBXFileReference section */
		3F017943290B0F9600B2C6A0 /* RecordsViewController.swift */ = {isa = PBXFileReference; lastKnownFileType = sourcecode.swift; path = RecordsViewController.swift; sourceTree = "<group>"; };
		3F017945290B0FB000B2C6A0 /* SettingsViewController.swift */ = {isa = PBXFileReference; lastKnownFileType = sourcecode.swift; path = SettingsViewController.swift; sourceTree = "<group>"; };
		3F02705329055986006A03D0 /* Comfortaa.ttf */ = {isa = PBXFileReference; lastKnownFileType = file; path = Comfortaa.ttf; sourceTree = "<group>"; };
		3F05585628F9C3970028DC7D /* GameEndless.swift */ = {isa = PBXFileReference; lastKnownFileType = sourcecode.swift; path = GameEndless.swift; sourceTree = "<group>"; };
		3F087A6D291EAB91001A98D9 /* Data.swift */ = {isa = PBXFileReference; lastKnownFileType = sourcecode.swift; path = Data.swift; sourceTree = "<group>"; };
		3F3956E4290B2CB500C49784 /* StorageManager.swift */ = {isa = PBXFileReference; lastKnownFileType = sourcecode.swift; path = StorageManager.swift; sourceTree = "<group>"; };
		3F3ADCB328F605000082D95F /* NFSPHONKSTREETRACING2077.app */ = {isa = PBXFileReference; explicitFileType = wrapper.application; includeInIndex = 0; path = NFSPHONKSTREETRACING2077.app; sourceTree = BUILT_PRODUCTS_DIR; };
		3F3ADCB628F605000082D95F /* AppDelegate.swift */ = {isa = PBXFileReference; lastKnownFileType = sourcecode.swift; path = AppDelegate.swift; sourceTree = "<group>"; };
		3F3ADCB828F605000082D95F /* SceneDelegate.swift */ = {isa = PBXFileReference; lastKnownFileType = sourcecode.swift; path = SceneDelegate.swift; sourceTree = "<group>"; };
		3F3ADCBA28F605000082D95F /* Menu.swift */ = {isa = PBXFileReference; lastKnownFileType = sourcecode.swift; path = Menu.swift; sourceTree = "<group>"; };
		3F3ADCBD28F605000082D95F /* Base */ = {isa = PBXFileReference; lastKnownFileType = file.storyboard; name = Base; path = Base.lproj/Main.storyboard; sourceTree = "<group>"; };
		3F3ADCBF28F605000082D95F /* Assets.xcassets */ = {isa = PBXFileReference; lastKnownFileType = folder.assetcatalog; path = Assets.xcassets; sourceTree = "<group>"; };
		3F3ADCC228F605000082D95F /* Base */ = {isa = PBXFileReference; lastKnownFileType = file.storyboard; name = Base; path = Base.lproj/LaunchScreen.storyboard; sourceTree = "<group>"; };
		3F3ADCC428F605000082D95F /* Info.plist */ = {isa = PBXFileReference; lastKnownFileType = text.plist.xml; path = Info.plist; sourceTree = "<group>"; };
		3F3ADCCA28F6050E0082D95F /* GameLevel.swift */ = {isa = PBXFileReference; lastKnownFileType = sourcecode.swift; path = GameLevel.swift; sourceTree = "<group>"; };
		3F41AA8229238667006BCC3E /* GameDelegate.swift */ = {isa = PBXFileReference; lastKnownFileType = sourcecode.swift; path = GameDelegate.swift; sourceTree = "<group>"; };
		3F4E98D528F6E30F00FB734F /* Location.swift */ = {isa = PBXFileReference; lastKnownFileType = sourcecode.swift; path = Location.swift; sourceTree = "<group>"; };
		3F571DFF2900764D008697C2 /* serebro.mp3 */ = {isa = PBXFileReference; lastKnownFileType = audio.mp3; path = serebro.mp3; sourceTree = "<group>"; };
		3F571E0129007672008697C2 /* phonk.mp3 */ = {isa = PBXFileReference; lastKnownFileType = audio.mp3; path = phonk.mp3; sourceTree = "<group>"; };
		3F571E0329007F45008697C2 /* lmfao.mp3 */ = {isa = PBXFileReference; lastKnownFileType = audio.mp3; path = lmfao.mp3; sourceTree = "<group>"; };
		3F653BE52903E5F9000E4A26 /* Miratrix.otf */ = {isa = PBXFileReference; lastKnownFileType = file; path = Miratrix.otf; sourceTree = "<group>"; };
		3F6DBC7C28FE8464000286CB /* BlurView.swift */ = {isa = PBXFileReference; lastKnownFileType = sourcecode.swift; path = BlurView.swift; sourceTree = "<group>"; };
		3F6DBC7E28FE8756000286CB /* ShadowView.swift */ = {isa = PBXFileReference; lastKnownFileType = sourcecode.swift; path = ShadowView.swift; sourceTree = "<group>"; };
		3F6DBC8028FE8765000286CB /* GradientView.swift */ = {isa = PBXFileReference; lastKnownFileType = sourcecode.swift; path = GradientView.swift; sourceTree = "<group>"; };
		3FBD5C0828FC518C0016D95D /* ShopViewController.swift */ = {isa = PBXFileReference; lastKnownFileType = sourcecode.swift; path = ShopViewController.swift; sourceTree = "<group>"; };
		3FC81979290D353700B7F810 /* Player.swift */ = {isa = PBXFileReference; lastKnownFileType = sourcecode.swift; path = Player.swift; sourceTree = "<group>"; };
		3FD09AF629094E2200A2264F /* UIViewController+Alert.swift */ = {isa = PBXFileReference; lastKnownFileType = sourcecode.swift; path = "UIViewController+Alert.swift"; sourceTree = "<group>"; };
		3FFAB82728FDD03700E08645 /* CustomViews.swift */ = {isa = PBXFileReference; lastKnownFileType = sourcecode.swift; path = CustomViews.swift; sourceTree = "<group>"; };
/* End PBXFileReference section */

/* Begin PBXFrameworksBuildPhase section */
		3F3ADCB028F605000082D95F /* Frameworks */ = {
			isa = PBXFrameworksBuildPhase;
			buildActionMask = 2147483647;
			files = (
				3F4FCB2628FC7BE900230B51 /* SnapKit in Frameworks */,
			);
			runOnlyForDeploymentPostprocessing = 0;
		};
/* End PBXFrameworksBuildPhase section */

/* Begin PBXGroup section */
		3F1528072905503A004B5948 /* Resources */ = {
			isa = PBXGroup;
			children = (
				3F3ADCC128F605000082D95F /* LaunchScreen.storyboard */,
				3F3ADCBC28F605000082D95F /* Main.storyboard */,
				3F3ADCBF28F605000082D95F /* Assets.xcassets */,
				3F3ADCB828F605000082D95F /* SceneDelegate.swift */,
				3F3ADCB628F605000082D95F /* AppDelegate.swift */,
			);
			path = Resources;
			sourceTree = "<group>";
		};
		3F3ADCAA28F605000082D95F = {
			isa = PBXGroup;
			children = (
				3F3ADCB528F605000082D95F /* NFSPHONKSTREETRACING2077 */,
				3F3ADCB428F605000082D95F /* Products */,
			);
			sourceTree = "<group>";
		};
		3F3ADCB428F605000082D95F /* Products */ = {
			isa = PBXGroup;
			children = (
				3F3ADCB328F605000082D95F /* NFSPHONKSTREETRACING2077.app */,
			);
			name = Products;
			sourceTree = "<group>";
		};
		3F3ADCB528F605000082D95F /* NFSPHONKSTREETRACING2077 */ = {
			isa = PBXGroup;
			children = (
				3F3ADCC428F605000082D95F /* Info.plist */,
				3F1528072905503A004B5948 /* Resources */,
				3F83EFF82901B7BA00B711F7 /* View Controllers */,
				3F83EFF72901B7A700B711F7 /* Custom Views */,
				3F83EFF92901B7CF00B711F7 /* Music */,
				3F83EFF62901B79C00B711F7 /* Additions */,
				3F653BE22903E580000E4A26 /* Fonts */,
			);
			path = NFSPHONKSTREETRACING2077;
			sourceTree = "<group>";
		};
		3F653BE22903E580000E4A26 /* Fonts */ = {
			isa = PBXGroup;
			children = (
				3F02705329055986006A03D0 /* Comfortaa.ttf */,
				3F653BE52903E5F9000E4A26 /* Miratrix.otf */,
			);
			path = Fonts;
			sourceTree = "<group>";
		};
		3F83EFF62901B79C00B711F7 /* Additions */ = {
			isa = PBXGroup;
			children = (
				3F3956E4290B2CB500C49784 /* StorageManager.swift */,
				3F4E98D528F6E30F00FB734F /* Location.swift */,
				3FC81979290D353700B7F810 /* Player.swift */,
			);
			path = Additions;
			sourceTree = "<group>";
		};
		3F83EFF72901B7A700B711F7 /* Custom Views */ = {
			isa = PBXGroup;
			children = (
				3FFAB82728FDD03700E08645 /* CustomViews.swift */,
				3F6DBC7C28FE8464000286CB /* BlurView.swift */,
				3F6DBC7E28FE8756000286CB /* ShadowView.swift */,
				3F6DBC8028FE8765000286CB /* GradientView.swift */,
				3FD09AF629094E2200A2264F /* UIViewController+Alert.swift */,
				3F41AA8229238667006BCC3E /* GameDelegate.swift */,
				3F087A6D291EAB91001A98D9 /* Data.swift */,
			);
			path = "Custom Views";
			sourceTree = "<group>";
		};
		3F83EFF82901B7BA00B711F7 /* View Controllers */ = {
			isa = PBXGroup;
			children = (
				3F3ADCBA28F605000082D95F /* Menu.swift */,
				3F3ADCCA28F6050E0082D95F /* GameLevel.swift */,
				3F05585628F9C3970028DC7D /* GameEndless.swift */,
				3FBD5C0828FC518C0016D95D /* ShopViewController.swift */,
				3F017943290B0F9600B2C6A0 /* RecordsViewController.swift */,
				3F017945290B0FB000B2C6A0 /* SettingsViewController.swift */,
			);
			path = "View Controllers";
			sourceTree = "<group>";
		};
		3F83EFF92901B7CF00B711F7 /* Music */ = {
			isa = PBXGroup;
			children = (
				3F571E0129007672008697C2 /* phonk.mp3 */,
				3F571DFF2900764D008697C2 /* serebro.mp3 */,
				3F571E0329007F45008697C2 /* lmfao.mp3 */,
			);
			path = Music;
			sourceTree = "<group>";
		};
/* End PBXGroup section */

/* Begin PBXNativeTarget section */
		3F3ADCB228F605000082D95F /* NFSPHONKSTREETRACING2077 */ = {
			isa = PBXNativeTarget;
			buildConfigurationList = 3F3ADCC728F605000082D95F /* Build configuration list for PBXNativeTarget "NFSPHONKSTREETRACING2077" */;
			buildPhases = (
				3F3ADCAF28F605000082D95F /* Sources */,
				3F3ADCB028F605000082D95F /* Frameworks */,
				3F3ADCB128F605000082D95F /* Resources */,
			);
			buildRules = (
			);
			dependencies = (
			);
			name = NFSPHONKSTREETRACING2077;
			packageProductDependencies = (
				3F4FCB2528FC7BE900230B51 /* SnapKit */,
			);
			productName = NFSPHONKSTREETRACING2077;
			productReference = 3F3ADCB328F605000082D95F /* NFSPHONKSTREETRACING2077.app */;
			productType = "com.apple.product-type.application";
		};
/* End PBXNativeTarget section */

/* Begin PBXProject section */
		3F3ADCAB28F605000082D95F /* Project object */ = {
			isa = PBXProject;
			attributes = {
				BuildIndependentTargetsInParallel = 1;
				LastSwiftUpdateCheck = 1400;
				LastUpgradeCheck = 1400;
				TargetAttributes = {
					3F3ADCB228F605000082D95F = {
						CreatedOnToolsVersion = 14.0.1;
					};
				};
			};
			buildConfigurationList = 3F3ADCAE28F605000082D95F /* Build configuration list for PBXProject "NFSPHONKSTREETRACING2077" */;
			compatibilityVersion = "Xcode 14.0";
			developmentRegion = en;
			hasScannedForEncodings = 0;
			knownRegions = (
				en,
				Base,
			);
			mainGroup = 3F3ADCAA28F605000082D95F;
			packageReferences = (
				3F4FCB2428FC7BE900230B51 /* XCRemoteSwiftPackageReference "SnapKit" */,
			);
			productRefGroup = 3F3ADCB428F605000082D95F /* Products */;
			projectDirPath = "";
			projectRoot = "";
			targets = (
				3F3ADCB228F605000082D95F /* NFSPHONKSTREETRACING2077 */,
			);
		};
/* End PBXProject section */

/* Begin PBXResourcesBuildPhase section */
		3F3ADCB128F605000082D95F /* Resources */ = {
			isa = PBXResourcesBuildPhase;
			buildActionMask = 2147483647;
			files = (
				3F571E0229007672008697C2 /* phonk.mp3 in Resources */,
				3F3ADCC328F605000082D95F /* LaunchScreen.storyboard in Resources */,
				3F571E002900764D008697C2 /* serebro.mp3 in Resources */,
				3F653BE82903E6E1000E4A26 /* Miratrix.otf in Resources */,
				3F3ADCC028F605000082D95F /* Assets.xcassets in Resources */,
				3F027055290559CB006A03D0 /* Comfortaa.ttf in Resources */,
				3F3ADCBE28F605000082D95F /* Main.storyboard in Resources */,
				3F571E0429007F45008697C2 /* lmfao.mp3 in Resources */,
			);
			runOnlyForDeploymentPostprocessing = 0;
		};
/* End PBXResourcesBuildPhase section */

/* Begin PBXSourcesBuildPhase section */
		3F3ADCAF28F605000082D95F /* Sources */ = {
			isa = PBXSourcesBuildPhase;
			buildActionMask = 2147483647;
			files = (
				3F3ADCCB28F6050E0082D95F /* GameLevel.swift in Sources */,
				3F3ADCBB28F605000082D95F /* Menu.swift in Sources */,
				3F41AA8329238667006BCC3E /* GameDelegate.swift in Sources */,
				3F6DBC8128FE8765000286CB /* GradientView.swift in Sources */,
				3FD09AF729094E2200A2264F /* UIViewController+Alert.swift in Sources */,
				3F4E98D628F6E30F00FB734F /* Location.swift in Sources */,
				3F05585728F9C3970028DC7D /* GameEndless.swift in Sources */,
				3F6DBC7F28FE8756000286CB /* ShadowView.swift in Sources */,
				3FBD5C0928FC518C0016D95D /* ShopViewController.swift in Sources */,
				3F6DBC7D28FE8464000286CB /* BlurView.swift in Sources */,
				3F017946290B0FB000B2C6A0 /* SettingsViewController.swift in Sources */,
				3FFAB82828FDD03700E08645 /* CustomViews.swift in Sources */,
				3F3ADCB728F605000082D95F /* AppDelegate.swift in Sources */,
				3F3956E5290B2CB500C49784 /* StorageManager.swift in Sources */,
				3F087A6E291EAB91001A98D9 /* Data.swift in Sources */,
				3F017944290B0F9600B2C6A0 /* RecordsViewController.swift in Sources */,
				3FC8197A290D353700B7F810 /* Player.swift in Sources */,
				3F3ADCB928F605000082D95F /* SceneDelegate.swift in Sources */,
			);
			runOnlyForDeploymentPostprocessing = 0;
		};
/* End PBXSourcesBuildPhase section */

/* Begin PBXVariantGroup section */
		3F3ADCBC28F605000082D95F /* Main.storyboard */ = {
			isa = PBXVariantGroup;
			children = (
				3F3ADCBD28F605000082D95F /* Base */,
			);
			name = Main.storyboard;
			sourceTree = "<group>";
		};
		3F3ADCC128F605000082D95F /* LaunchScreen.storyboard */ = {
			isa = PBXVariantGroup;
			children = (
				3F3ADCC228F605000082D95F /* Base */,
			);
			name = LaunchScreen.storyboard;
			sourceTree = "<group>";
		};
/* End PBXVariantGroup section */

/* Begin XCBuildConfiguration section */
		3F3ADCC528F605000082D95F /* Debug */ = {
			isa = XCBuildConfiguration;
			buildSettings = {
				ALWAYS_SEARCH_USER_PATHS = NO;
				CLANG_ANALYZER_NONNULL = YES;
				CLANG_ANALYZER_NUMBER_OBJECT_CONVERSION = YES_AGGRESSIVE;
				CLANG_CXX_LANGUAGE_STANDARD = "gnu++20";
				CLANG_ENABLE_MODULES = YES;
				CLANG_ENABLE_OBJC_ARC = YES;
				CLANG_ENABLE_OBJC_WEAK = YES;
				CLANG_WARN_BLOCK_CAPTURE_AUTORELEASING = YES;
				CLANG_WARN_BOOL_CONVERSION = YES;
				CLANG_WARN_COMMA = YES;
				CLANG_WARN_CONSTANT_CONVERSION = YES;
				CLANG_WARN_DEPRECATED_OBJC_IMPLEMENTATIONS = YES;
				CLANG_WARN_DIRECT_OBJC_ISA_USAGE = YES_ERROR;
				CLANG_WARN_DOCUMENTATION_COMMENTS = YES;
				CLANG_WARN_EMPTY_BODY = YES;
				CLANG_WARN_ENUM_CONVERSION = YES;
				CLANG_WARN_INFINITE_RECURSION = YES;
				CLANG_WARN_INT_CONVERSION = YES;
				CLANG_WARN_NON_LITERAL_NULL_CONVERSION = YES;
				CLANG_WARN_OBJC_IMPLICIT_RETAIN_SELF = YES;
				CLANG_WARN_OBJC_LITERAL_CONVERSION = YES;
				CLANG_WARN_OBJC_ROOT_CLASS = YES_ERROR;
				CLANG_WARN_QUOTED_INCLUDE_IN_FRAMEWORK_HEADER = YES;
				CLANG_WARN_RANGE_LOOP_ANALYSIS = YES;
				CLANG_WARN_STRICT_PROTOTYPES = YES;
				CLANG_WARN_SUSPICIOUS_MOVE = YES;
				CLANG_WARN_UNGUARDED_AVAILABILITY = YES_AGGRESSIVE;
				CLANG_WARN_UNREACHABLE_CODE = YES;
				CLANG_WARN__DUPLICATE_METHOD_MATCH = YES;
				COPY_PHASE_STRIP = NO;
				DEBUG_INFORMATION_FORMAT = dwarf;
				ENABLE_STRICT_OBJC_MSGSEND = YES;
				ENABLE_TESTABILITY = YES;
				GCC_C_LANGUAGE_STANDARD = gnu11;
				GCC_DYNAMIC_NO_PIC = NO;
				GCC_NO_COMMON_BLOCKS = YES;
				GCC_OPTIMIZATION_LEVEL = 0;
				GCC_PREPROCESSOR_DEFINITIONS = (
					"DEBUG=1",
					"$(inherited)",
				);
				GCC_WARN_64_TO_32_BIT_CONVERSION = YES;
				GCC_WARN_ABOUT_RETURN_TYPE = YES_ERROR;
				GCC_WARN_UNDECLARED_SELECTOR = YES;
				GCC_WARN_UNINITIALIZED_AUTOS = YES_AGGRESSIVE;
				GCC_WARN_UNUSED_FUNCTION = YES;
				GCC_WARN_UNUSED_VARIABLE = YES;
				IPHONEOS_DEPLOYMENT_TARGET = 16.0;
				MTL_ENABLE_DEBUG_INFO = INCLUDE_SOURCE;
				MTL_FAST_MATH = YES;
				ONLY_ACTIVE_ARCH = YES;
				SDKROOT = iphoneos;
				SWIFT_ACTIVE_COMPILATION_CONDITIONS = DEBUG;
				SWIFT_OPTIMIZATION_LEVEL = "-Onone";
			};
			name = Debug;
		};
		3F3ADCC628F605000082D95F /* Release */ = {
			isa = XCBuildConfiguration;
			buildSettings = {
				ALWAYS_SEARCH_USER_PATHS = NO;
				CLANG_ANALYZER_NONNULL = YES;
				CLANG_ANALYZER_NUMBER_OBJECT_CONVERSION = YES_AGGRESSIVE;
				CLANG_CXX_LANGUAGE_STANDARD = "gnu++20";
				CLANG_ENABLE_MODULES = YES;
				CLANG_ENABLE_OBJC_ARC = YES;
				CLANG_ENABLE_OBJC_WEAK = YES;
				CLANG_WARN_BLOCK_CAPTURE_AUTORELEASING = YES;
				CLANG_WARN_BOOL_CONVERSION = YES;
				CLANG_WARN_COMMA = YES;
				CLANG_WARN_CONSTANT_CONVERSION = YES;
				CLANG_WARN_DEPRECATED_OBJC_IMPLEMENTATIONS = YES;
				CLANG_WARN_DIRECT_OBJC_ISA_USAGE = YES_ERROR;
				CLANG_WARN_DOCUMENTATION_COMMENTS = YES;
				CLANG_WARN_EMPTY_BODY = YES;
				CLANG_WARN_ENUM_CONVERSION = YES;
				CLANG_WARN_INFINITE_RECURSION = YES;
				CLANG_WARN_INT_CONVERSION = YES;
				CLANG_WARN_NON_LITERAL_NULL_CONVERSION = YES;
				CLANG_WARN_OBJC_IMPLICIT_RETAIN_SELF = YES;
				CLANG_WARN_OBJC_LITERAL_CONVERSION = YES;
				CLANG_WARN_OBJC_ROOT_CLASS = YES_ERROR;
				CLANG_WARN_QUOTED_INCLUDE_IN_FRAMEWORK_HEADER = YES;
				CLANG_WARN_RANGE_LOOP_ANALYSIS = YES;
				CLANG_WARN_STRICT_PROTOTYPES = YES;
				CLANG_WARN_SUSPICIOUS_MOVE = YES;
				CLANG_WARN_UNGUARDED_AVAILABILITY = YES_AGGRESSIVE;
				CLANG_WARN_UNREACHABLE_CODE = YES;
				CLANG_WARN__DUPLICATE_METHOD_MATCH = YES;
				COPY_PHASE_STRIP = NO;
				DEBUG_INFORMATION_FORMAT = "dwarf-with-dsym";
				ENABLE_NS_ASSERTIONS = NO;
				ENABLE_STRICT_OBJC_MSGSEND = YES;
				GCC_C_LANGUAGE_STANDARD = gnu11;
				GCC_NO_COMMON_BLOCKS = YES;
				GCC_WARN_64_TO_32_BIT_CONVERSION = YES;
				GCC_WARN_ABOUT_RETURN_TYPE = YES_ERROR;
				GCC_WARN_UNDECLARED_SELECTOR = YES;
				GCC_WARN_UNINITIALIZED_AUTOS = YES_AGGRESSIVE;
				GCC_WARN_UNUSED_FUNCTION = YES;
				GCC_WARN_UNUSED_VARIABLE = YES;
				IPHONEOS_DEPLOYMENT_TARGET = 16.0;
				MTL_ENABLE_DEBUG_INFO = NO;
				MTL_FAST_MATH = YES;
				SDKROOT = iphoneos;
				SWIFT_COMPILATION_MODE = wholemodule;
				SWIFT_OPTIMIZATION_LEVEL = "-O";
				VALIDATE_PRODUCT = YES;
			};
			name = Release;
		};
		3F3ADCC828F605000082D95F /* Debug */ = {
			isa = XCBuildConfiguration;
			buildSettings = {
				ASSETCATALOG_COMPILER_APPICON_NAME = AppIcon;
				ASSETCATALOG_COMPILER_GLOBAL_ACCENT_COLOR_NAME = AccentColor;
				CODE_SIGN_STYLE = Automatic;
				CURRENT_PROJECT_VERSION = 1;
				DEVELOPMENT_TEAM = R6Y2DR5795;
				GENERATE_INFOPLIST_FILE = YES;
				INFOPLIST_FILE = NFSPHONKSTREETRACING2077/Info.plist;
				INFOPLIST_KEY_UIApplicationSupportsIndirectInputEvents = YES;
				INFOPLIST_KEY_UILaunchStoryboardName = LaunchScreen;
				INFOPLIST_KEY_UIMainStoryboardFile = Main;
				INFOPLIST_KEY_UISupportedInterfaceOrientations_iPad = "UIInterfaceOrientationPortrait UIInterfaceOrientationPortraitUpsideDown UIInterfaceOrientationLandscapeLeft UIInterfaceOrientationLandscapeRight";
				INFOPLIST_KEY_UISupportedInterfaceOrientations_iPhone = "UIInterfaceOrientationPortrait UIInterfaceOrientationLandscapeLeft UIInterfaceOrientationLandscapeRight";
				LD_RUNPATH_SEARCH_PATHS = (
					"$(inherited)",
					"@executable_path/Frameworks",
				);
				MARKETING_VERSION = 1.0;
				PRODUCT_BUNDLE_IDENTIFIER = com.Denisenko.NFSPHONKSTREETRACING2077;
				PRODUCT_NAME = "$(TARGET_NAME)";
				SWIFT_EMIT_LOC_STRINGS = YES;
				SWIFT_VERSION = 5.0;
				TARGETED_DEVICE_FAMILY = "1,2";
			};
			name = Debug;
		};
		3F3ADCC928F605000082D95F /* Release */ = {
			isa = XCBuildConfiguration;
			buildSettings = {
				ASSETCATALOG_COMPILER_APPICON_NAME = AppIcon;
				ASSETCATALOG_COMPILER_GLOBAL_ACCENT_COLOR_NAME = AccentColor;
				CODE_SIGN_STYLE = Automatic;
				CURRENT_PROJECT_VERSION = 1;
				DEVELOPMENT_TEAM = R6Y2DR5795;
				GENERATE_INFOPLIST_FILE = YES;
				INFOPLIST_FILE = NFSPHONKSTREETRACING2077/Info.plist;
				INFOPLIST_KEY_UIApplicationSupportsIndirectInputEvents = YES;
				INFOPLIST_KEY_UILaunchStoryboardName = LaunchScreen;
				INFOPLIST_KEY_UIMainStoryboardFile = Main;
				INFOPLIST_KEY_UISupportedInterfaceOrientations_iPad = "UIInterfaceOrientationPortrait UIInterfaceOrientationPortraitUpsideDown UIInterfaceOrientationLandscapeLeft UIInterfaceOrientationLandscapeRight";
				INFOPLIST_KEY_UISupportedInterfaceOrientations_iPhone = "UIInterfaceOrientationPortrait UIInterfaceOrientationLandscapeLeft UIInterfaceOrientationLandscapeRight";
				LD_RUNPATH_SEARCH_PATHS = (
					"$(inherited)",
					"@executable_path/Frameworks",
				);
				MARKETING_VERSION = 1.0;
				PRODUCT_BUNDLE_IDENTIFIER = com.Denisenko.NFSPHONKSTREETRACING2077;
				PRODUCT_NAME = "$(TARGET_NAME)";
				SWIFT_EMIT_LOC_STRINGS = YES;
				SWIFT_VERSION = 5.0;
				TARGETED_DEVICE_FAMILY = "1,2";
			};
			name = Release;
		};
/* End XCBuildConfiguration section */

/* Begin XCConfigurationList section */
		3F3ADCAE28F605000082D95F /* Build configuration list for PBXProject "NFSPHONKSTREETRACING2077" */ = {
			isa = XCConfigurationList;
			buildConfigurations = (
				3F3ADCC528F605000082D95F /* Debug */,
				3F3ADCC628F605000082D95F /* Release */,
			);
			defaultConfigurationIsVisible = 0;
			defaultConfigurationName = Release;
		};
		3F3ADCC728F605000082D95F /* Build configuration list for PBXNativeTarget "NFSPHONKSTREETRACING2077" */ = {
			isa = XCConfigurationList;
			buildConfigurations = (
				3F3ADCC828F605000082D95F /* Debug */,
				3F3ADCC928F605000082D95F /* Release */,
			);
			defaultConfigurationIsVisible = 0;
			defaultConfigurationName = Release;
		};
/* End XCConfigurationList section */

/* Begin XCRemoteSwiftPackageReference section */
		3F4FCB2428FC7BE900230B51 /* XCRemoteSwiftPackageReference "SnapKit" */ = {
			isa = XCRemoteSwiftPackageReference;
			repositoryURL = "https://github.com/SnapKit/SnapKit";
			requirement = {
				branch = develop;
				kind = branch;
			};
		};
/* End XCRemoteSwiftPackageReference section */

/* Begin XCSwiftPackageProductDependency section */
		3F4FCB2528FC7BE900230B51 /* SnapKit */ = {
			isa = XCSwiftPackageProductDependency;
			package = 3F4FCB2428FC7BE900230B51 /* XCRemoteSwiftPackageReference "SnapKit" */;
			productName = SnapKit;
		};
/* End XCSwiftPackageProductDependency section */
	};
	rootObject = 3F3ADCAB28F605000082D95F /* Project object */;
}
