// !$*UTF8*$!
{
	archiveVersion = 1;
	classes = {
	};
	objectVersion = 56;
	objects = {

/* Begin PBXBuildFile section */
		3F3ADCB728F605000082D95F /* AppDelegate.swift in Sources */ = {isa = PBXBuildFile; fileRef = 3F3ADCB628F605000082D95F /* AppDelegate.swift */; };
		3F3ADCB928F605000082D95F /* SceneDelegate.swift in Sources */ = {isa = PBXBuildFile; fileRef = 3F3ADCB828F605000082D95F /* SceneDelegate.swift */; };
		3F3ADCBB28F605000082D95F /* ViewController.swift in Sources */ = {isa = PBXBuildFile; fileRef = 3F3ADCBA28F605000082D95F /* ViewController.swift */; };
		3F3ADCBE28F605000082D95F /* Main.storyboard in Resources */ = {isa = PBXBuildFile; fileRef = 3F3ADCBC28F605000082D95F /* Main.storyboard */; };
		3F3ADCC028F605000082D95F /* Assets.xcassets in Resources */ = {isa = PBXBuildFile; fileRef = 3F3ADCBF28F605000082D95F /* Assets.xcassets */; };
		3F3ADCC328F605000082D95F /* LaunchScreen.storyboard in Resources */ = {isa = PBXBuildFile; fileRef = 3F3ADCC128F605000082D95F /* LaunchScreen.storyboard */; };
		3F3ADCCB28F6050E0082D95F /* Game.swift in Sources */ = {isa = PBXBuildFile; fileRef = 3F3ADCCA28F6050E0082D95F /* Game.swift */; };
		3F4E98D628F6E30F00FB734F /* Location.swift in Sources */ = {isa = PBXBuildFile; fileRef = 3F4E98D528F6E30F00FB734F /* Location.swift */; };
		3F7AE18028F73D9D00474E98 /* music.mp3 in Resources */ = {isa = PBXBuildFile; fileRef = 3F7AE17F28F73D9D00474E98 /* music.mp3 */; };
/* End PBXBuildFile section */

/* Begin PBXFileReference section */
		3F3ADCB328F605000082D95F /* NFSPHONKSTREETRACING2077.app */ = {isa = PBXFileReference; explicitFileType = wrapper.application; includeInIndex = 0; path = NFSPHONKSTREETRACING2077.app; sourceTree = BUILT_PRODUCTS_DIR; };
		3F3ADCB628F605000082D95F /* AppDelegate.swift */ = {isa = PBXFileReference; lastKnownFileType = sourcecode.swift; path = AppDelegate.swift; sourceTree = "<group>"; };
		3F3ADCB828F605000082D95F /* SceneDelegate.swift */ = {isa = PBXFileReference; lastKnownFileType = sourcecode.swift; path = SceneDelegate.swift; sourceTree = "<group>"; };
		3F3ADCBA28F605000082D95F /* ViewController.swift */ = {isa = PBXFileReference; lastKnownFileType = sourcecode.swift; path = ViewController.swift; sourceTree = "<group>"; };
		3F3ADCBD28F605000082D95F /* Base */ = {isa = PBXFileReference; lastKnownFileType = file.storyboard; name = Base; path = Base.lproj/Main.storyboard; sourceTree = "<group>"; };
		3F3ADCBF28F605000082D95F /* Assets.xcassets */ = {isa = PBXFileReference; lastKnownFileType = folder.assetcatalog; path = Assets.xcassets; sourceTree = "<group>"; };
		3F3ADCC228F605000082D95F /* Base */ = {isa = PBXFileReference; lastKnownFileType = file.storyboard; name = Base; path = Base.lproj/LaunchScreen.storyboard; sourceTree = "<group>"; };
		3F3ADCC428F605000082D95F /* Info.plist */ = {isa = PBXFileReference; lastKnownFileType = text.plist.xml; path = Info.plist; sourceTree = "<group>"; };
		3F3ADCCA28F6050E0082D95F /* Game.swift */ = {isa = PBXFileReference; lastKnownFileType = sourcecode.swift; path = Game.swift; sourceTree = "<group>"; };
		3F4E98D528F6E30F00FB734F /* Location.swift */ = {isa = PBXFileReference; lastKnownFileType = sourcecode.swift; path = Location.swift; sourceTree = "<group>"; };
		3F7AE17F28F73D9D00474E98 /* music.mp3 */ = {isa = PBXFileReference; lastKnownFileType = audio.mp3; name = music.mp3; path = ../../../.Trash/music.mp3; sourceTree = "<group>"; };
/* End PBXFileReference section */

/* Begin PBXFrameworksBuildPhase section */
		3F3ADCB028F605000082D95F /* Frameworks */ = {
			isa = PBXFrameworksBuildPhase;
			buildActionMask = 2147483647;
			files = (
			);
			runOnlyForDeploymentPostprocessing = 0;
		};
/* End PBXFrameworksBuildPhase section */

/* Begin PBXGroup section */
		3F3ADCAA28F605000082D95F = {
			isa = PBXGroup;
			children = (
				3F3ADCB528F605000082D95F /* NFSPHONKSTREETRACING2077 */,
				3F3ADCB428F605000082D95F /* Products */,
			);
			sourceTree = "<group>";
		};
		3F3ADCB428F605000082D95F /* Products */ = {
			isa = PBXGroup;
			children = (
				3F3ADCB328F605000082D95F /* NFSPHONKSTREETRACING2077.app */,
			);
			name = Products;
			sourceTree = "<group>";
		};
		3F3ADCB528F605000082D95F /* NFSPHONKSTREETRACING2077 */ = {
			isa = PBXGroup;
			children = (
				3F3ADCB628F605000082D95F /* AppDelegate.swift */,
				3F3ADCB828F605000082D95F /* SceneDelegate.swift */,
				3F3ADCBA28F605000082D95F /* ViewController.swift */,
				3F3ADCCA28F6050E0082D95F /* Game.swift */,
				3F4E98D528F6E30F00FB734F /* Location.swift */,
				3F3ADCBC28F605000082D95F /* Main.storyboard */,
				3F7AE17F28F73D9D00474E98 /* music.mp3 */,
				3F3ADCBF28F605000082D95F /* Assets.xcassets */,
				3F3ADCC128F605000082D95F /* LaunchScreen.storyboard */,
				3F3ADCC428F605000082D95F /* Info.plist */,
			);
			path = NFSPHONKSTREETRACING2077;
			sourceTree = "<group>";
		};
/* End PBXGroup section */

/* Begin PBXNativeTarget section */
		3F3ADCB228F605000082D95F /* NFSPHONKSTREETRACING2077 */ = {
			isa = PBXNativeTarget;
			buildConfigurationList = 3F3ADCC728F605000082D95F /* Build configuration list for PBXNativeTarget "NFSPHONKSTREETRACING2077" */;
			buildPhases = (
				3F3ADCAF28F605000082D95F /* Sources */,
				3F3ADCB028F605000082D95F /* Frameworks */,
				3F3ADCB128F605000082D95F /* Resources */,
			);
			buildRules = (
			);
			dependencies = (
			);
			name = NFSPHONKSTREETRACING2077;
			productName = NFSPHONKSTREETRACING2077;
			productReference = 3F3ADCB328F605000082D95F /* NFSPHONKSTREETRACING2077.app */;
			productType = "com.apple.product-type.application";
		};
/* End PBXNativeTarget section */

/* Begin PBXProject section */
		3F3ADCAB28F605000082D95F /* Project object */ = {
			isa = PBXProject;
			attributes = {
				BuildIndependentTargetsInParallel = 1;
				LastSwiftUpdateCheck = 1400;
				LastUpgradeCheck = 1400;
				TargetAttributes = {
					3F3ADCB228F605000082D95F = {
						CreatedOnToolsVersion = 14.0.1;
					};
				};
			};
			buildConfigurationList = 3F3ADCAE28F605000082D95F /* Build configuration list for PBXProject "NFSPHONKSTREETRACING2077" */;
			compatibilityVersion = "Xcode 14.0";
			developmentRegion = en;
			hasScannedForEncodings = 0;
			knownRegions = (
				en,
				Base,
			);
			mainGroup = 3F3ADCAA28F605000082D95F;
			productRefGroup = 3F3ADCB428F605000082D95F /* Products */;
			projectDirPath = "";
			projectRoot = "";
			targets = (
				3F3ADCB228F605000082D95F /* NFSPHONKSTREETRACING2077 */,
			);
		};
/* End PBXProject section */

/* Begin PBXResourcesBuildPhase section */
		3F3ADCB128F605000082D95F /* Resources */ = {
			isa = PBXResourcesBuildPhase;
			buildActionMask = 2147483647;
			files = (
				3F7AE18028F73D9D00474E98 /* music.mp3 in Resources */,
				3F3ADCC328F605000082D95F /* LaunchScreen.storyboard in Resources */,
				3F3ADCC028F605000082D95F /* Assets.xcassets in Resources */,
				3F3ADCBE28F605000082D95F /* Main.storyboard in Resources */,
			);
			runOnlyForDeploymentPostprocessing = 0;
		};
/* End PBXResourcesBuildPhase section */

/* Begin PBXSourcesBuildPhase section */
		3F3ADCAF28F605000082D95F /* Sources */ = {
			isa = PBXSourcesBuildPhase;
			buildActionMask = 2147483647;
			files = (
				3F3ADCCB28F6050E0082D95F /* Game.swift in Sources */,
				3F3ADCBB28F605000082D95F /* ViewController.swift in Sources */,
				3F4E98D628F6E30F00FB734F /* Location.swift in Sources */,
				3F3ADCB728F605000082D95F /* AppDelegate.swift in Sources */,
				3F3ADCB928F605000082D95F /* SceneDelegate.swift in Sources */,
			);
			runOnlyForDeploymentPostprocessing = 0;
		};
/* End PBXSourcesBuildPhase section */

/* Begin PBXVariantGroup section */
		3F3ADCBC28F605000082D95F /* Main.storyboard */ = {
			isa = PBXVariantGroup;
			children = (
				3F3ADCBD28F605000082D95F /* Base */,
			);
			name = Main.storyboard;
			sourceTree = "<group>";
		};
		3F3ADCC128F605000082D95F /* LaunchScreen.storyboard */ = {
			isa = PBXVariantGroup;
			children = (
				3F3ADCC228F605000082D95F /* Base */,
			);
			name = LaunchScreen.storyboard;
			sourceTree = "<group>";
		};
/* End PBXVariantGroup section */

/* Begin XCBuildConfiguration section */
		3F3ADCC528F605000082D95F /* Debug */ = {
			isa = XCBuildConfiguration;
			buildSettings = {
				ALWAYS_SEARCH_USER_PATHS = NO;
				CLANG_ANALYZER_NONNULL = YES;
				CLANG_ANALYZER_NUMBER_OBJECT_CONVERSION = YES_AGGRESSIVE;
				CLANG_CXX_LANGUAGE_STANDARD = "gnu++20";
				CLANG_ENABLE_MODULES = YES;
				CLANG_ENABLE_OBJC_ARC = YES;
				CLANG_ENABLE_OBJC_WEAK = YES;
				CLANG_WARN_BLOCK_CAPTURE_AUTORELEASING = YES;
				CLANG_WARN_BOOL_CONVERSION = YES;
				CLANG_WARN_COMMA = YES;
				CLANG_WARN_CONSTANT_CONVERSION = YES;
				CLANG_WARN_DEPRECATED_OBJC_IMPLEMENTATIONS = YES;
				CLANG_WARN_DIRECT_OBJC_ISA_USAGE = YES_ERROR;
				CLANG_WARN_DOCUMENTATION_COMMENTS = YES;
				CLANG_WARN_EMPTY_BODY = YES;
				CLANG_WARN_ENUM_CONVERSION = YES;
				CLANG_WARN_INFINITE_RECURSION = YES;
				CLANG_WARN_INT_CONVERSION = YES;
				CLANG_WARN_NON_LITERAL_NULL_CONVERSION = YES;
				CLANG_WARN_OBJC_IMPLICIT_RETAIN_SELF = YES;
				CLANG_WARN_OBJC_LITERAL_CONVERSION = YES;
				CLANG_WARN_OBJC_ROOT_CLASS = YES_ERROR;
				CLANG_WARN_QUOTED_INCLUDE_IN_FRAMEWORK_HEADER = YES;
				CLANG_WARN_RANGE_LOOP_ANALYSIS = YES;
				CLANG_WARN_STRICT_PROTOTYPES = YES;
				CLANG_WARN_SUSPICIOUS_MOVE = YES;
				CLANG_WARN_UNGUARDED_AVAILABILITY = YES_AGGRESSIVE;
				CLANG_WARN_UNREACHABLE_CODE = YES;
				CLANG_WARN__DUPLICATE_METHOD_MATCH = YES;
				COPY_PHASE_STRIP = NO;
				DEBUG_INFORMATION_FORMAT = dwarf;
				ENABLE_STRICT_OBJC_MSGSEND = YES;
				ENABLE_TESTABILITY = YES;
				GCC_C_LANGUAGE_STANDARD = gnu11;
				GCC_DYNAMIC_NO_PIC = NO;
				GCC_NO_COMMON_BLOCKS = YES;
				GCC_OPTIMIZATION_LEVEL = 0;
				GCC_PREPROCESSOR_DEFINITIONS = (
					"DEBUG=1",
					"$(inherited)",
				);
				GCC_WARN_64_TO_32_BIT_CONVERSION = YES;
				GCC_WARN_ABOUT_RETURN_TYPE = YES_ERROR;
				GCC_WARN_UNDECLARED_SELECTOR = YES;
				GCC_WARN_UNINITIALIZED_AUTOS = YES_AGGRESSIVE;
				GCC_WARN_UNUSED_FUNCTION = YES;
				GCC_WARN_UNUSED_VARIABLE = YES;
				IPHONEOS_DEPLOYMENT_TARGET = 16.0;
				MTL_ENABLE_DEBUG_INFO = INCLUDE_SOURCE;
				MTL_FAST_MATH = YES;
				ONLY_ACTIVE_ARCH = YES;
				SDKROOT = iphoneos;
				SWIFT_ACTIVE_COMPILATION_CONDITIONS = DEBUG;
				SWIFT_OPTIMIZATION_LEVEL = "-Onone";
			};
			name = Debug;
		};
		3F3ADCC628F605000082D95F /* Release */ = {
			isa = XCBuildConfiguration;
			buildSettings = {
				ALWAYS_SEARCH_USER_PATHS = NO;
				CLANG_ANALYZER_NONNULL = YES;
				CLANG_ANALYZER_NUMBER_OBJECT_CONVERSION = YES_AGGRESSIVE;
				CLANG_CXX_LANGUAGE_STANDARD = "gnu++20";
				CLANG_ENABLE_MODULES = YES;
				CLANG_ENABLE_OBJC_ARC = YES;
				CLANG_ENABLE_OBJC_WEAK = YES;
				CLANG_WARN_BLOCK_CAPTURE_AUTORELEASING = YES;
				CLANG_WARN_BOOL_CONVERSION = YES;
				CLANG_WARN_COMMA = YES;
				CLANG_WARN_CONSTANT_CONVERSION = YES;
				CLANG_WARN_DEPRECATED_OBJC_IMPLEMENTATIONS = YES;
				CLANG_WARN_DIRECT_OBJC_ISA_USAGE = YES_ERROR;
				CLANG_WARN_DOCUMENTATION_COMMENTS = YES;
				CLANG_WARN_EMPTY_BODY = YES;
				CLANG_WARN_ENUM_CONVERSION = YES;
				CLANG_WARN_INFINITE_RECURSION = YES;
				CLANG_WARN_INT_CONVERSION = YES;
				CLANG_WARN_NON_LITERAL_NULL_CONVERSION = YES;
				CLANG_WARN_OBJC_IMPLICIT_RETAIN_SELF = YES;
				CLANG_WARN_OBJC_LITERAL_CONVERSION = YES;
				CLANG_WARN_OBJC_ROOT_CLASS = YES_ERROR;
				CLANG_WARN_QUOTED_INCLUDE_IN_FRAMEWORK_HEADER = YES;
				CLANG_WARN_RANGE_LOOP_ANALYSIS = YES;
				CLANG_WARN_STRICT_PROTOTYPES = YES;
				CLANG_WARN_SUSPICIOUS_MOVE = YES;
				CLANG_WARN_UNGUARDED_AVAILABILITY = YES_AGGRESSIVE;
				CLANG_WARN_UNREACHABLE_CODE = YES;
				CLANG_WARN__DUPLICATE_METHOD_MATCH = YES;
				COPY_PHASE_STRIP = NO;
				DEBUG_INFORMATION_FORMAT = "dwarf-with-dsym";
				ENABLE_NS_ASSERTIONS = NO;
				ENABLE_STRICT_OBJC_MSGSEND = YES;
				GCC_C_LANGUAGE_STANDARD = gnu11;
				GCC_NO_COMMON_BLOCKS = YES;
				GCC_WARN_64_TO_32_BIT_CONVERSION = YES;
				GCC_WARN_ABOUT_RETURN_TYPE = YES_ERROR;
				GCC_WARN_UNDECLARED_SELECTOR = YES;
				GCC_WARN_UNINITIALIZED_AUTOS = YES_AGGRESSIVE;
				GCC_WARN_UNUSED_FUNCTION = YES;
				GCC_WARN_UNUSED_VARIABLE = YES;
				IPHONEOS_DEPLOYMENT_TARGET = 16.0;
				MTL_ENABLE_DEBUG_INFO = NO;
				MTL_FAST_MATH = YES;
				SDKROOT = iphoneos;
				SWIFT_COMPILATION_MODE = wholemodule;
				SWIFT_OPTIMIZATION_LEVEL = "-O";
				VALIDATE_PRODUCT = YES;
			};
			name = Release;
		};
		3F3ADCC828F605000082D95F /* Debug */ = {
			isa = XCBuildConfiguration;
			buildSettings = {
				ASSETCATALOG_COMPILER_APPICON_NAME = AppIcon;
				ASSETCATALOG_COMPILER_GLOBAL_ACCENT_COLOR_NAME = AccentColor;
				CODE_SIGN_STYLE = Automatic;
				CURRENT_PROJECT_VERSION = 1;
				DEVELOPMENT_TEAM = R6Y2DR5795;
				GENERATE_INFOPLIST_FILE = YES;
				INFOPLIST_FILE = NFSPHONKSTREETRACING2077/Info.plist;
				INFOPLIST_KEY_UIApplicationSupportsIndirectInputEvents = YES;
				INFOPLIST_KEY_UILaunchStoryboardName = LaunchScreen;
				INFOPLIST_KEY_UIMainStoryboardFile = Main;
				INFOPLIST_KEY_UISupportedInterfaceOrientations_iPad = "UIInterfaceOrientationPortrait UIInterfaceOrientationPortraitUpsideDown UIInterfaceOrientationLandscapeLeft UIInterfaceOrientationLandscapeRight";
				INFOPLIST_KEY_UISupportedInterfaceOrientations_iPhone = "UIInterfaceOrientationPortrait UIInterfaceOrientationLandscapeLeft UIInterfaceOrientationLandscapeRight";
				LD_RUNPATH_SEARCH_PATHS = (
					"$(inherited)",
					"@executable_path/Frameworks",
				);
				MARKETING_VERSION = 1.0;
				PRODUCT_BUNDLE_IDENTIFIER = com.Denisenko.NFSPHONKSTREETRACING2077;
				PRODUCT_NAME = "$(TARGET_NAME)";
				SWIFT_EMIT_LOC_STRINGS = YES;
				SWIFT_VERSION = 5.0;
				TARGETED_DEVICE_FAMILY = "1,2";
			};
			name = Debug;
		};
		3F3ADCC928F605000082D95F /* Release */ = {
			isa = XCBuildConfiguration;
			buildSettings = {
				ASSETCATALOG_COMPILER_APPICON_NAME = AppIcon;
				ASSETCATALOG_COMPILER_GLOBAL_ACCENT_COLOR_NAME = AccentColor;
				CODE_SIGN_STYLE = Automatic;
				CURRENT_PROJECT_VERSION = 1;
				DEVELOPMENT_TEAM = R6Y2DR5795;
				GENERATE_INFOPLIST_FILE = YES;
				INFOPLIST_FILE = NFSPHONKSTREETRACING2077/Info.plist;
				INFOPLIST_KEY_UIApplicationSupportsIndirectInputEvents = YES;
				INFOPLIST_KEY_UILaunchStoryboardName = LaunchScreen;
				INFOPLIST_KEY_UIMainStoryboardFile = Main;
				INFOPLIST_KEY_UISupportedInterfaceOrientations_iPad = "UIInterfaceOrientationPortrait UIInterfaceOrientationPortraitUpsideDown UIInterfaceOrientationLandscapeLeft UIInterfaceOrientationLandscapeRight";
				INFOPLIST_KEY_UISupportedInterfaceOrientations_iPhone = "UIInterfaceOrientationPortrait UIInterfaceOrientationLandscapeLeft UIInterfaceOrientationLandscapeRight";
				LD_RUNPATH_SEARCH_PATHS = (
					"$(inherited)",
					"@executable_path/Frameworks",
				);
				MARKETING_VERSION = 1.0;
				PRODUCT_BUNDLE_IDENTIFIER = com.Denisenko.NFSPHONKSTREETRACING2077;
				PRODUCT_NAME = "$(TARGET_NAME)";
				SWIFT_EMIT_LOC_STRINGS = YES;
				SWIFT_VERSION = 5.0;
				TARGETED_DEVICE_FAMILY = "1,2";
			};
			name = Release;
		};
/* End XCBuildConfiguration section */

/* Begin XCConfigurationList section */
		3F3ADCAE28F605000082D95F /* Build configuration list for PBXProject "NFSPHONKSTREETRACING2077" */ = {
			isa = XCConfigurationList;
			buildConfigurations = (
				3F3ADCC528F605000082D95F /* Debug */,
				3F3ADCC628F605000082D95F /* Release */,
			);
			defaultConfigurationIsVisible = 0;
			defaultConfigurationName = Release;
		};
		3F3ADCC728F605000082D95F /* Build configuration list for PBXNativeTarget "NFSPHONKSTREETRACING2077" */ = {
			isa = XCConfigurationList;
			buildConfigurations = (
				3F3ADCC828F605000082D95F /* Debug */,
				3F3ADCC928F605000082D95F /* Release */,
			);
			defaultConfigurationIsVisible = 0;
			defaultConfigurationName = Release;
		};
/* End XCConfigurationList section */
	};
	rootObject = 3F3ADCAB28F605000082D95F /* Project object */;
}
